# This file is automatically @generated by Poetry 1.7.0 and should not be changed by hand.

[[package]]
name = "paho-mqtt"
version = "1.6.1"
description = "MQTT version 5.0/3.1.1 client class"
optional = false
python-versions = "*"
files = [
    {file = "paho-mqtt-1.6.1.tar.gz", hash = "sha256:2a8291c81623aec00372b5a85558a372c747cbca8e9934dfe218638b8eefc26f"},
]

[package.extras]
proxy = ["PySocks"]

[metadata]
lock-version = "2.0"
python-versions = "3.11.4"
content-hash = "55528eb83d41ba4683c404d75e4429854afb1e85007da6a32e5355ff78002c49"
